<?xml version="1.0" encoding="utf-8"?>
<Project ToolsVersion="4.0" xmlns="http://schemas.microsoft.com/developer/msbuild/2003">
  <ItemGroup>
    <Filter Include="Source Files">
      <UniqueIdentifier>{4FC737F1-C7A5-4376-A066-2A32D752A2FF}</UniqueIdentifier>
      <Extensions>cpp;c;cc;cxx;def;odl;idl;hpj;bat;asm;asmx</Extensions>
    </Filter>
    <Filter Include="Header Files">
      <UniqueIdentifier>{93995380-89BD-4b04-88EB-625FBE52EBFB}</UniqueIdentifier>
      <Extensions>h;hh;hpp;hxx;hm;inl;inc;xsd</Extensions>
    </Filter>
    <Filter Include="Resource Files">
      <UniqueIdentifier>{67DA6AB6-F800-4c08-8B7A-83BB121AAD01}</UniqueIdentifier>
      <Extensions>rc;ico;cur;bmp;dlg;rc2;rct;bin;rgs;gif;jpg;jpeg;jpe;resx;tiff;tif;png;wav;mfcribbon-ms</Extensions>
    </Filter>
    <Filter Include="String Encryption">
      <UniqueIdentifier>{06f93579-e6ed-4373-b2b7-6a92709fc3f3}</UniqueIdentifier>
    </Filter>
    <Filter Include="Crypto">
      <UniqueIdentifier>{b097ffbe-b41e-4aef-8591-34c2fc754498}</UniqueIdentifier>
    </Filter>
    <Filter Include="PAK PATCHER">
      <UniqueIdentifier>{f795db0f-8b56-494f-a4b3-c10fd64126b7}</UniqueIdentifier>
    </Filter>
  </ItemGroup>
  <ItemGroup>
    <ClCompile Include="Main.cpp">
      <Filter>Source Files</Filter>
    </ClCompile>
    <ClCompile Include="httpLib.cpp">
      <Filter>Source Files</Filter>
    </ClCompile>
    <ClCompile Include="updater.cpp">
      <Filter>Source Files</Filter>
    </ClCompile>
    <ClCompile Include="base64.cpp">
      <Filter>Crypto</Filter>
    </ClCompile>
    <ClCompile Include="md5.cpp">
      <Filter>Crypto</Filter>
    </ClCompile>
    <ClCompile Include="Extras.cpp">
      <Filter>Source Files</Filter>
    </ClCompile>
    <ClCompile Include="Troubleshooter.cpp">
      <Filter>Source Files</Filter>
    </ClCompile>
    <ClCompile Include="Settings.cpp">
      <Filter>Source Files</Filter>
    </ClCompile>
  </ItemGroup>
  <ItemGroup>
    <ClInclude Include="resource.h">
      <Filter>Header Files</Filter>
    </ClInclude>
    <ClInclude Include="httpLib.h">
      <Filter>Header Files</Filter>
    </ClInclude>
    <ClInclude Include="updater.h">
      <Filter>Header Files</Filter>
    </ClInclude>
    <ClInclude Include="DEFINE.h" />
    <ClInclude Include="se.h">
      <Filter>String Encryption</Filter>
    </ClInclude>
    <ClInclude Include="base64.h">
      <Filter>Crypto</Filter>
    </ClInclude>
    <ClInclude Include="md5.h">
      <Filter>Crypto</Filter>
    </ClInclude>
    <ClInclude Include="Extras.h">
      <Filter>Header Files</Filter>
    </ClInclude>
    <ClInclude Include="Troubleshooter.h">
      <Filter>Header Files</Filter>
    </ClInclude>
    <ClInclude Include="Settings.h">
      <Filter>Header Files</Filter>
    </ClInclude>
    <ClInclude Include="ETPatcher.h">
      <Filter>PAK PATCHER</Filter>
    </ClInclude>
  </ItemGroup>
  <ItemGroup>
    <ResourceCompile Include="SkyLaunch2.rc">
      <Filter>Resource Files</Filter>
    </ResourceCompile>
  </ItemGroup>
  <ItemGroup>
    <None Include="packages.config" />
  </ItemGroup>
  <ItemGroup>
    <Image Include="icon1.ico">
      <Filter>Resource Files</Filter>
    </Image>
  </ItemGroup>
</Project>